
Microsoft Visual Studio Solution File, Format Version 12.00
# Visual Studio Version 16
VisualStudioVersion = 16.0.33027.164
MinimumVisualStudioVersion = 10.0.40219.1
Project("{FAE04EC0-301F-11D3-BF4B-00C04F79EFBC}") = "WebApiNetcore", "WebApiNetcore.csproj", "{8589903E-0DEB-4111-B7FE-5235D82850EB}"
EndProject
Global
	GlobalSection(SolutionConfigurationPlatforms) = preSolution
		Debug|Any CPU = Debug|Any CPU
		Release|Any CPU = Release|Any CPU
	EndGlobalSection
	GlobalSection(ProjectConfigurationPlatforms) = postSolution
		{8589903E-0DEB-4111-B7FE-5235D82850EB}.Debug|Any CPU.ActiveCfg = Debug|Any CPU
		{8589903E-0DEB-4111-B7FE-5235D82850EB}.Debug|Any CPU.Build.0 = Debug|Any CPU
		{8589903E-0DEB-4111-B7FE-5235D82850EB}.Release|Any CPU.ActiveCfg = Release|Any CPU
		{8589903E-0DEB-4111-B7FE-5235D82850EB}.Release|Any CPU.Build.0 = Release|Any CPU
	EndGlobalSection
	GlobalSection(SolutionProperties) = preSolution
		HideSolutionNode = FALSE
	EndGlobalSection
	GlobalSection(ExtensibilityGlobals) = postSolution
		SolutionGuid = {527D7CFA-AC96-4EF3-96DC-2156F0999F0D}
	EndGlobalSection
EndGlobal
